// !$*UTF8*$!
{
	archiveVersion = 1;
	classes = {
	};
	objectVersion = 55;
	objects = {

/* Begin PBXBuildFile section */
		CE5C5F5328C40E65004C2033 /* LibreLightSensorApp.swift in Sources */ = {isa = PBXBuildFile; fileRef = CE5C5F5228C40E65004C2033 /* LibreLightSensorApp.swift */; };
		CE5C5F5528C40E65004C2033 /* ContentView.swift in Sources */ = {isa = PBXBuildFile; fileRef = CE5C5F5428C40E65004C2033 /* ContentView.swift */; };
		CE5C5F5728C40E66004C2033 /* Assets.xcassets in Resources */ = {isa = PBXBuildFile; fileRef = CE5C5F5628C40E66004C2033 /* Assets.xcassets */; };
		CE5C5F5A28C40E66004C2033 /* Preview Assets.xcassets in Resources */ = {isa = PBXBuildFile; fileRef = CE5C5F5928C40E66004C2033 /* Preview Assets.xcassets */; };
		CE65B61C28C93DE90091DD63 /* VideoStream.swift in Sources */ = {isa = PBXBuildFile; fileRef = CE65B61B28C93DE90091DD63 /* VideoStream.swift */; };
		CE65B61E28C93E330091DD63 /* VideoPreview.swift in Sources */ = {isa = PBXBuildFile; fileRef = CE65B61D28C93E330091DD63 /* VideoPreview.swift */; };
/* End PBXBuildFile section */

/* Begin PBXFileReference section */
		CE5C5F4F28C40E65004C2033 /* LibreLightSensor.app */ = {isa = PBXFileReference; explicitFileType = wrapper.application; includeInIndex = 0; path = LibreLightSensor.app; sourceTree = BUILT_PRODUCTS_DIR; };
		CE5C5F5228C40E65004C2033 /* LibreLightSensorApp.swift */ = {isa = PBXFileReference; lastKnownFileType = sourcecode.swift; path = LibreLightSensorApp.swift; sourceTree = "<group>"; };
		CE5C5F5428C40E65004C2033 /* ContentView.swift */ = {isa = PBXFileReference; lastKnownFileType = sourcecode.swift; path = ContentView.swift; sourceTree = "<group>"; };
		CE5C5F5628C40E66004C2033 /* Assets.xcassets */ = {isa = PBXFileReference; lastKnownFileType = folder.assetcatalog; path = Assets.xcassets; sourceTree = "<group>"; };
		CE5C5F5928C40E66004C2033 /* Preview Assets.xcassets */ = {isa = PBXFileReference; lastKnownFileType = folder.assetcatalog; path = "Preview Assets.xcassets"; sourceTree = "<group>"; };
		CE65B61B28C93DE90091DD63 /* VideoStream.swift */ = {isa = PBXFileReference; lastKnownFileType = sourcecode.swift; path = VideoStream.swift; sourceTree = "<group>"; };
		CE65B61D28C93E330091DD63 /* VideoPreview.swift */ = {isa = PBXFileReference; lastKnownFileType = sourcecode.swift; path = VideoPreview.swift; sourceTree = "<group>"; };
/* End PBXFileReference section */

/* Begin PBXFrameworksBuildPhase section */
		CE5C5F4C28C40E65004C2033 /* Frameworks */ = {
			isa = PBXFrameworksBuildPhase;
			buildActionMask = 2147483647;
			files = (
			);
			runOnlyForDeploymentPostprocessing = 0;
		};
/* End PBXFrameworksBuildPhase section */

/* Begin PBXGroup section */
		CE5C5F4628C40E65004C2033 = {
			isa = PBXGroup;
			children = (
				CE5C5F5128C40E65004C2033 /* LibreLightSensor */,
				CE5C5F5028C40E65004C2033 /* Products */,
			);
			sourceTree = "<group>";
		};
		CE5C5F5028C40E65004C2033 /* Products */ = {
			isa = PBXGroup;
			children = (
				CE5C5F4F28C40E65004C2033 /* LibreLightSensor.app */,
			);
			name = Products;
			sourceTree = "<group>";
		};
		CE5C5F5128C40E65004C2033 /* LibreLightSensor */ = {
			isa = PBXGroup;
			children = (
				CE5C5F5228C40E65004C2033 /* LibreLightSensorApp.swift */,
				CE5C5F5428C40E65004C2033 /* ContentView.swift */,
				CE65B61B28C93DE90091DD63 /* VideoStream.swift */,
				CE5C5F5628C40E66004C2033 /* Assets.xcassets */,
				CE5C5F5828C40E66004C2033 /* Preview Content */,
				CE65B61D28C93E330091DD63 /* VideoPreview.swift */,
			);
			path = LibreLightSensor;
			sourceTree = "<group>";
		};
		CE5C5F5828C40E66004C2033 /* Preview Content */ = {
			isa = PBXGroup;
			children = (
				CE5C5F5928C40E66004C2033 /* Preview Assets.xcassets */,
			);
			path = "Preview Content";
			sourceTree = "<group>";
		};
/* End PBXGroup section */

/* Begin PBXNativeTarget section */
		CE5C5F4E28C40E65004C2033 /* LibreLightSensor */ = {
			isa = PBXNativeTarget;
			buildConfigurationList = CE5C5F5D28C40E66004C2033 /* Build configuration list for PBXNativeTarget "LibreLightSensor" */;
			buildPhases = (
				CE5C5F4B28C40E65004C2033 /* Sources */,
				CE5C5F4C28C40E65004C2033 /* Frameworks */,
				CE5C5F4D28C40E65004C2033 /* Resources */,
			);
			buildRules = (
			);
			dependencies = (
			);
			name = LibreLightSensor;
			productName = LibreLightSensor;
			productReference = CE5C5F4F28C40E65004C2033 /* LibreLightSensor.app */;
			productType = "com.apple.product-type.application";
		};
/* End PBXNativeTarget section */

/* Begin PBXProject section */
		CE5C5F4728C40E65004C2033 /* Project object */ = {
			isa = PBXProject;
			attributes = {
				BuildIndependentTargetsInParallel = 1;
				LastSwiftUpdateCheck = 1340;
				LastUpgradeCheck = 1340;
				TargetAttributes = {
					CE5C5F4E28C40E65004C2033 = {
						CreatedOnToolsVersion = 13.4.1;
					};
				};
			};
			buildConfigurationList = CE5C5F4A28C40E65004C2033 /* Build configuration list for PBXProject "LibreLightSensor" */;
			compatibilityVersion = "Xcode 13.0";
			developmentRegion = en;
			hasScannedForEncodings = 0;
			knownRegions = (
				en,
				Base,
			);
			mainGroup = CE5C5F4628C40E65004C2033;
			productRefGroup = CE5C5F5028C40E65004C2033 /* Products */;
			projectDirPath = "";
			projectRoot = "";
			targets = (
				CE5C5F4E28C40E65004C2033 /* LibreLightSensor */,
			);
		};
/* End PBXProject section */

/* Begin PBXResourcesBuildPhase section */
		CE5C5F4D28C40E65004C2033 /* Resources */ = {
			isa = PBXResourcesBuildPhase;
			buildActionMask = 2147483647;
			files = (
				CE5C5F5A28C40E66004C2033 /* Preview Assets.xcassets in Resources */,
				CE5C5F5728C40E66004C2033 /* Assets.xcassets in Resources */,
			);
			runOnlyForDeploymentPostprocessing = 0;
		};
/* End PBXResourcesBuildPhase section */

/* Begin PBXSourcesBuildPhase section */
		CE5C5F4B28C40E65004C2033 /* Sources */ = {
			isa = PBXSourcesBuildPhase;
			buildActionMask = 2147483647;
			files = (
				CE5C5F5528C40E65004C2033 /* ContentView.swift in Sources */,
				CE5C5F5328C40E65004C2033 /* LibreLightSensorApp.swift in Sources */,
				CE65B61E28C93E330091DD63 /* VideoPreview.swift in Sources */,
				CE65B61C28C93DE90091DD63 /* VideoStream.swift in Sources */,
			);
			runOnlyForDeploymentPostprocessing = 0;
		};
/* End PBXSourcesBuildPhase section */

/* Begin XCBuildConfiguration section */
		CE5C5F5B28C40E66004C2033 /* Debug */ = {
			isa = XCBuildConfiguration;
			buildSettings = {
				ALWAYS_SEARCH_USER_PATHS = NO;
				CLANG_ANALYZER_NONNULL = YES;
				CLANG_ANALYZER_NUMBER_OBJECT_CONVERSION = YES_AGGRESSIVE;
				CLANG_CXX_LANGUAGE_STANDARD = "gnu++17";
				CLANG_ENABLE_MODULES = YES;
				CLANG_ENABLE_OBJC_ARC = YES;
				CLANG_ENABLE_OBJC_WEAK = YES;
				CLANG_WARN_BLOCK_CAPTURE_AUTORELEASING = YES;
				CLANG_WARN_BOOL_CONVERSION = YES;
				CLANG_WARN_COMMA = YES;
				CLANG_WARN_CONSTANT_CONVERSION = YES;
				CLANG_WARN_DEPRECATED_OBJC_IMPLEMENTATIONS = YES;
				CLANG_WARN_DIRECT_OBJC_ISA_USAGE = YES_ERROR;
				CLANG_WARN_DOCUMENTATION_COMMENTS = YES;
				CLANG_WARN_EMPTY_BODY = YES;
				CLANG_WARN_ENUM_CONVERSION = YES;
				CLANG_WARN_INFINITE_RECURSION = YES;
				CLANG_WARN_INT_CONVERSION = YES;
				CLANG_WARN_NON_LITERAL_NULL_CONVERSION = YES;
				CLANG_WARN_OBJC_IMPLICIT_RETAIN_SELF = YES;
				CLANG_WARN_OBJC_LITERAL_CONVERSION = YES;
				CLANG_WARN_OBJC_ROOT_CLASS = YES_ERROR;
				CLANG_WARN_QUOTED_INCLUDE_IN_FRAMEWORK_HEADER = YES;
				CLANG_WARN_RANGE_LOOP_ANALYSIS = YES;
				CLANG_WARN_STRICT_PROTOTYPES = YES;
				CLANG_WARN_SUSPICIOUS_MOVE = YES;
				CLANG_WARN_UNGUARDED_AVAILABILITY = YES_AGGRESSIVE;
				CLANG_WARN_UNREACHABLE_CODE = YES;
				CLANG_WARN__DUPLICATE_METHOD_MATCH = YES;
				COPY_PHASE_STRIP = NO;
				DEBUG_INFORMATION_FORMAT = dwarf;
				ENABLE_STRICT_OBJC_MSGSEND = YES;
				ENABLE_TESTABILITY = YES;
				GCC_C_LANGUAGE_STANDARD = gnu11;
				GCC_DYNAMIC_NO_PIC = NO;
				GCC_NO_COMMON_BLOCKS = YES;
				GCC_OPTIMIZATION_LEVEL = 0;
				GCC_PREPROCESSOR_DEFINITIONS = (
					"DEBUG=1",
					"$(inherited)",
				);
				GCC_WARN_64_TO_32_BIT_CONVERSION = YES;
				GCC_WARN_ABOUT_RETURN_TYPE = YES_ERROR;
				GCC_WARN_UNDECLARED_SELECTOR = YES;
				GCC_WARN_UNINITIALIZED_AUTOS = YES_AGGRESSIVE;
				GCC_WARN_UNUSED_FUNCTION = YES;
				GCC_WARN_UNUSED_VARIABLE = YES;
				IPHONEOS_DEPLOYMENT_TARGET = 15.5;
				MTL_ENABLE_DEBUG_INFO = INCLUDE_SOURCE;
				MTL_FAST_MATH = YES;
				ONLY_ACTIVE_ARCH = YES;
				SDKROOT = iphoneos;
				SWIFT_ACTIVE_COMPILATION_CONDITIONS = DEBUG;
				SWIFT_OPTIMIZATION_LEVEL = "-Onone";
			};
			name = Debug;
		};
		CE5C5F5C28C40E66004C2033 /* Release */ = {
			isa = XCBuildConfiguration;
			buildSettings = {
				ALWAYS_SEARCH_USER_PATHS = NO;
				CLANG_ANALYZER_NONNULL = YES;
				CLANG_ANALYZER_NUMBER_OBJECT_CONVERSION = YES_AGGRESSIVE;
				CLANG_CXX_LANGUAGE_STANDARD = "gnu++17";
				CLANG_ENABLE_MODULES = YES;
				CLANG_ENABLE_OBJC_ARC = YES;
				CLANG_ENABLE_OBJC_WEAK = YES;
				CLANG_WARN_BLOCK_CAPTURE_AUTORELEASING = YES;
				CLANG_WARN_BOOL_CONVERSION = YES;
				CLANG_WARN_COMMA = YES;
				CLANG_WARN_CONSTANT_CONVERSION = YES;
				CLANG_WARN_DEPRECATED_OBJC_IMPLEMENTATIONS = YES;
				CLANG_WARN_DIRECT_OBJC_ISA_USAGE = YES_ERROR;
				CLANG_WARN_DOCUMENTATION_COMMENTS = YES;
				CLANG_WARN_EMPTY_BODY = YES;
				CLANG_WARN_ENUM_CONVERSION = YES;
				CLANG_WARN_INFINITE_RECURSION = YES;
				CLANG_WARN_INT_CONVERSION = YES;
				CLANG_WARN_NON_LITERAL_NULL_CONVERSION = YES;
				CLANG_WARN_OBJC_IMPLICIT_RETAIN_SELF = YES;
				CLANG_WARN_OBJC_LITERAL_CONVERSION = YES;
				CLANG_WARN_OBJC_ROOT_CLASS = YES_ERROR;
				CLANG_WARN_QUOTED_INCLUDE_IN_FRAMEWORK_HEADER = YES;
				CLANG_WARN_RANGE_LOOP_ANALYSIS = YES;
				CLANG_WARN_STRICT_PROTOTYPES = YES;
				CLANG_WARN_SUSPICIOUS_MOVE = YES;
				CLANG_WARN_UNGUARDED_AVAILABILITY = YES_AGGRESSIVE;
				CLANG_WARN_UNREACHABLE_CODE = YES;
				CLANG_WARN__DUPLICATE_METHOD_MATCH = YES;
				COPY_PHASE_STRIP = NO;
				DEBUG_INFORMATION_FORMAT = "dwarf-with-dsym";
				ENABLE_NS_ASSERTIONS = NO;
				ENABLE_STRICT_OBJC_MSGSEND = YES;
				GCC_C_LANGUAGE_STANDARD = gnu11;
				GCC_NO_COMMON_BLOCKS = YES;
				GCC_WARN_64_TO_32_BIT_CONVERSION = YES;
				GCC_WARN_ABOUT_RETURN_TYPE = YES_ERROR;
				GCC_WARN_UNDECLARED_SELECTOR = YES;
				GCC_WARN_UNINITIALIZED_AUTOS = YES_AGGRESSIVE;
				GCC_WARN_UNUSED_FUNCTION = YES;
				GCC_WARN_UNUSED_VARIABLE = YES;
				IPHONEOS_DEPLOYMENT_TARGET = 15.5;
				MTL_ENABLE_DEBUG_INFO = NO;
				MTL_FAST_MATH = YES;
				SDKROOT = iphoneos;
				SWIFT_COMPILATION_MODE = wholemodule;
				SWIFT_OPTIMIZATION_LEVEL = "-O";
				VALIDATE_PRODUCT = YES;
			};
			name = Release;
		};
		CE5C5F5E28C40E66004C2033 /* Debug */ = {
			isa = XCBuildConfiguration;
			buildSettings = {
				ASSETCATALOG_COMPILER_APPICON_NAME = AppIcon;
				ASSETCATALOG_COMPILER_GLOBAL_ACCENT_COLOR_NAME = AccentColor;
				CODE_SIGN_STYLE = Automatic;
				CURRENT_PROJECT_VERSION = 1;
				DEVELOPMENT_ASSET_PATHS = "\"LibreLightSensor/Preview Content\"";
				DEVELOPMENT_TEAM = 2RH6V6Y4V2;
				ENABLE_PREVIEWS = YES;
				GENERATE_INFOPLIST_FILE = YES;
				INFOPLIST_KEY_NSCameraUsageDescription = "This app uses your device camera to calculate brightness. The brightness of areas or objects you point your camera at will be displayed, but no photos or videos will be stored. ";
				INFOPLIST_KEY_UIApplicationSceneManifest_Generation = YES;
				INFOPLIST_KEY_UIApplicationSupportsIndirectInputEvents = YES;
				INFOPLIST_KEY_UILaunchScreen_Generation = YES;
				INFOPLIST_KEY_UISupportedInterfaceOrientations = UIInterfaceOrientationPortrait;
				INFOPLIST_KEY_UISupportedInterfaceOrientations_iPad = UIInterfaceOrientationPortrait;
				INFOPLIST_KEY_UISupportedInterfaceOrientations_iPhone = UIInterfaceOrientationPortrait;
				LD_RUNPATH_SEARCH_PATHS = (
					"$(inherited)",
					"@executable_path/Frameworks",
				);
				MARKETING_VERSION = 1.0;
				PRODUCT_BUNDLE_IDENTIFIER = com.harr1424.LibreLightSensor;
				PRODUCT_NAME = "$(TARGET_NAME)";
				SWIFT_EMIT_LOC_STRINGS = YES;
				SWIFT_VERSION = 5.0;
				TARGETED_DEVICE_FAMILY = "1,2";
			};
			name = Debug;
		};
		CE5C5F5F28C40E66004C2033 /* Release */ = {
			isa = XCBuildConfiguration;
			buildSettings = {
				ASSETCATALOG_COMPILER_APPICON_NAME = AppIcon;
				ASSETCATALOG_COMPILER_GLOBAL_ACCENT_COLOR_NAME = AccentColor;
				CODE_SIGN_STYLE = Automatic;
				CURRENT_PROJECT_VERSION = 1;
				DEVELOPMENT_ASSET_PATHS = "\"LibreLightSensor/Preview Content\"";
				DEVELOPMENT_TEAM = 2RH6V6Y4V2;
				ENABLE_PREVIEWS = YES;
				GENERATE_INFOPLIST_FILE = YES;
				INFOPLIST_KEY_NSCameraUsageDescription = "This app uses your device camera to calculate brightness. The brightness of areas or objects you point your camera at will be displayed, but no photos or videos will be stored. ";
				INFOPLIST_KEY_UIApplicationSceneManifest_Generation = YES;
				INFOPLIST_KEY_UIApplicationSupportsIndirectInputEvents = YES;
				INFOPLIST_KEY_UILaunchScreen_Generation = YES;
				INFOPLIST_KEY_UISupportedInterfaceOrientations = UIInterfaceOrientationPortrait;
				INFOPLIST_KEY_UISupportedInterfaceOrientations_iPad = UIInterfaceOrientationPortrait;
				INFOPLIST_KEY_UISupportedInterfaceOrientations_iPhone = UIInterfaceOrientationPortrait;
				LD_RUNPATH_SEARCH_PATHS = (
					"$(inherited)",
					"@executable_path/Frameworks",
				);
				MARKETING_VERSION = 1.0;
				PRODUCT_BUNDLE_IDENTIFIER = com.harr1424.LibreLightSensor;
				PRODUCT_NAME = "$(TARGET_NAME)";
				SWIFT_EMIT_LOC_STRINGS = YES;
				SWIFT_VERSION = 5.0;
				TARGETED_DEVICE_FAMILY = "1,2";
			};
			name = Release;
		};
/* End XCBuildConfiguration section */

/* Begin XCConfigurationList section */
		CE5C5F4A28C40E65004C2033 /* Build configuration list for PBXProject "LibreLightSensor" */ = {
			isa = XCConfigurationList;
			buildConfigurations = (
				CE5C5F5B28C40E66004C2033 /* Debug */,
				CE5C5F5C28C40E66004C2033 /* Release */,
			);
			defaultConfigurationIsVisible = 0;
			defaultConfigurationName = Release;
		};
		CE5C5F5D28C40E66004C2033 /* Build configuration list for PBXNativeTarget "LibreLightSensor" */ = {
			isa = XCConfigurationList;
			buildConfigurations = (
				CE5C5F5E28C40E66004C2033 /* Debug */,
				CE5C5F5F28C40E66004C2033 /* Release */,
			);
			defaultConfigurationIsVisible = 0;
			defaultConfigurationName = Release;
		};
/* End XCConfigurationList section */
	};
	rootObject = CE5C5F4728C40E65004C2033 /* Project object */;
}
